
Microsoft Visual Studio Solution File, Format Version 12.00
# Visual Studio Version 17
VisualStudioVersion = 17.3.32825.248
MinimumVisualStudioVersion = 10.0.40219.1
Project("{9A19103F-16F7-4668-BE54-9A1E7A4F7556}") = "StrategyPattern", "StrategyPattern\StrategyPattern.csproj", "{802B6731-5125-4CE1-A71A-EA2D02121B9B}"
EndProject
Project("{FAE04EC0-301F-11D3-BF4B-00C04F79EFBC}") = "ObserverPattern", "ObserverPattern\ObserverPattern.csproj", "{2949DCC3-95F3-4B6D-B88D-7CEBFC9EAA89}"
EndProject
Global
	GlobalSection(SolutionConfigurationPlatforms) = preSolution
		Debug|Any CPU = Debug|Any CPU
		Release|Any CPU = Release|Any CPU
	EndGlobalSection
	GlobalSection(ProjectConfigurationPlatforms) = postSolution
		{802B6731-5125-4CE1-A71A-EA2D02121B9B}.Debug|Any CPU.ActiveCfg = Debug|Any CPU
		{802B6731-5125-4CE1-A71A-EA2D02121B9B}.Debug|Any CPU.Build.0 = Debug|Any CPU
		{802B6731-5125-4CE1-A71A-EA2D02121B9B}.Release|Any CPU.ActiveCfg = Release|Any CPU
		{802B6731-5125-4CE1-A71A-EA2D02121B9B}.Release|Any CPU.Build.0 = Release|Any CPU
		{2949DCC3-95F3-4B6D-B88D-7CEBFC9EAA89}.Debug|Any CPU.ActiveCfg = Debug|Any CPU
		{2949DCC3-95F3-4B6D-B88D-7CEBFC9EAA89}.Debug|Any CPU.Build.0 = Debug|Any CPU
		{2949DCC3-95F3-4B6D-B88D-7CEBFC9EAA89}.Release|Any CPU.ActiveCfg = Release|Any CPU
		{2949DCC3-95F3-4B6D-B88D-7CEBFC9EAA89}.Release|Any CPU.Build.0 = Release|Any CPU
	EndGlobalSection
	GlobalSection(SolutionProperties) = preSolution
		HideSolutionNode = FALSE
	EndGlobalSection
	GlobalSection(ExtensibilityGlobals) = postSolution
		SolutionGuid = {B725DDEB-4799-4946-915A-3E80A8D9D876}
	EndGlobalSection
EndGlobal
